
Microsoft Visual Studio Solution File, Format Version 12.00
Project("{2150E333-8FDC-42A3-9474-1A3956D46DE8}") = "Solution Items", "Solution Items", "{86434917-74D2-4A5E-9E14-B80A54752F4F}"
	ProjectSection(SolutionItems) = preProject
		compose.yaml = compose.yaml
	EndProjectSection
EndProject
Project("{FAE04EC0-301F-11D3-BF4B-00C04F79EFBC}") = "Domain", "Domain\Domain.csproj", "{3E36F54D-34CD-4923-A211-C9889C5F534D}"
EndProject
Project("{FAE04EC0-301F-11D3-BF4B-00C04F79EFBC}") = "Application", "Application\Application.csproj", "{9D81703C-09ED-41FA-97CC-53EE3D54A09F}"
EndProject
Project("{FAE04EC0-301F-11D3-BF4B-00C04F79EFBC}") = "Infrastructure", "Infrastructure\Infrastructure.csproj", "{36F53C0E-030D-4EEE-891A-7CB2ABA8C72F}"
EndProject
Project("{FAE04EC0-301F-11D3-BF4B-00C04F79EFBC}") = "Presentation", "Presentation\Presentation.csproj", "{7BBA16A1-DBC9-4374-B596-EADE93A2FB91}"
EndProject
Global
	GlobalSection(SolutionConfigurationPlatforms) = preSolution
		Debug|Any CPU = Debug|Any CPU
		Release|Any CPU = Release|Any CPU
	EndGlobalSection
	GlobalSection(ProjectConfigurationPlatforms) = postSolution
		{3E36F54D-34CD-4923-A211-C9889C5F534D}.Debug|Any CPU.ActiveCfg = Debug|Any CPU
		{3E36F54D-34CD-4923-A211-C9889C5F534D}.Debug|Any CPU.Build.0 = Debug|Any CPU
		{3E36F54D-34CD-4923-A211-C9889C5F534D}.Release|Any CPU.ActiveCfg = Release|Any CPU
		{3E36F54D-34CD-4923-A211-C9889C5F534D}.Release|Any CPU.Build.0 = Release|Any CPU
		{9D81703C-09ED-41FA-97CC-53EE3D54A09F}.Debug|Any CPU.ActiveCfg = Debug|Any CPU
		{9D81703C-09ED-41FA-97CC-53EE3D54A09F}.Debug|Any CPU.Build.0 = Debug|Any CPU
		{9D81703C-09ED-41FA-97CC-53EE3D54A09F}.Release|Any CPU.ActiveCfg = Release|Any CPU
		{9D81703C-09ED-41FA-97CC-53EE3D54A09F}.Release|Any CPU.Build.0 = Release|Any CPU
		{36F53C0E-030D-4EEE-891A-7CB2ABA8C72F}.Debug|Any CPU.ActiveCfg = Debug|Any CPU
		{36F53C0E-030D-4EEE-891A-7CB2ABA8C72F}.Debug|Any CPU.Build.0 = Debug|Any CPU
		{36F53C0E-030D-4EEE-891A-7CB2ABA8C72F}.Release|Any CPU.ActiveCfg = Release|Any CPU
		{36F53C0E-030D-4EEE-891A-7CB2ABA8C72F}.Release|Any CPU.Build.0 = Release|Any CPU
		{7BBA16A1-DBC9-4374-B596-EADE93A2FB91}.Debug|Any CPU.ActiveCfg = Debug|Any CPU
		{7BBA16A1-DBC9-4374-B596-EADE93A2FB91}.Debug|Any CPU.Build.0 = Debug|Any CPU
		{7BBA16A1-DBC9-4374-B596-EADE93A2FB91}.Release|Any CPU.ActiveCfg = Release|Any CPU
		{7BBA16A1-DBC9-4374-B596-EADE93A2FB91}.Release|Any CPU.Build.0 = Release|Any CPU
	EndGlobalSection
EndGlobal
